
Microsoft Visual Studio Solution File, Format Version 12.00
# Visual Studio Version 17
VisualStudioVersion = 17.0.31903.59
MinimumVisualStudioVersion = 10.0.40219.1
Project("{2150E333-8FDC-42A3-9474-1A3956D46DE8}") = "src", "src", "{827E0CD3-B72D-47B6-A68D-7590B98EB39B}"
EndProject
Project("{FAE04EC0-301F-11D3-BF4B-00C04F79EFBC}") = "StockFlow.Api", "src\StockFlow.Api\StockFlow.Api.csproj", "{FE467A07-4A59-4C71-BAA2-DE283725F2A0}"
EndProject
Project("{FAE04EC0-301F-11D3-BF4B-00C04F79EFBC}") = "StockFlow.Application", "src\StockFlow.Application\StockFlow.Application.csproj", "{E10A3570-C850-42A4-8317-593ACBD61E52}"
EndProject
Project("{FAE04EC0-301F-11D3-BF4B-00C04F79EFBC}") = "StockFlow.Domain", "src\StockFlow.Domain\StockFlow.Domain.csproj", "{D10AAEC2-D9D4-43E8-88C0-8632E2AD2E84}"
EndProject
Project("{FAE04EC0-301F-11D3-BF4B-00C04F79EFBC}") = "StockFlow.Infrastructure", "src\StockFlow.Infrastructure\StockFlow.Infrastructure.csproj", "{D2EB7C5C-DA50-41B8-8A01-7B9F737B0B2D}"
EndProject
Project("{2150E333-8FDC-42A3-9474-1A3956D46DE8}") = "tests", "tests", "{0AB3BF05-4346-4AA6-1389-037BE0695223}"
EndProject
Project("{FAE04EC0-301F-11D3-BF4B-00C04F79EFBC}") = "StockFlow.UnitTests", "tests\StockFlow.UnitTests\StockFlow.UnitTests.csproj", "{3FDE4C57-806E-4947-8BD4-D10838337958}"
EndProject
Project("{FAE04EC0-301F-11D3-BF4B-00C04F79EFBC}") = "StockFlow.IntegrationTests", "tests\StockFlow.IntegrationTests\StockFlow.IntegrationTests.csproj", "{D259AFB7-D53C-4C56-8576-23C4CD5EAB10}"
EndProject
Global
	GlobalSection(SolutionConfigurationPlatforms) = preSolution
		Debug|Any CPU = Debug|Any CPU
		Debug|x64 = Debug|x64
		Debug|x86 = Debug|x86
		Release|Any CPU = Release|Any CPU
		Release|x64 = Release|x64
		Release|x86 = Release|x86
	EndGlobalSection
	GlobalSection(ProjectConfigurationPlatforms) = postSolution
		{FE467A07-4A59-4C71-BAA2-DE283725F2A0}.Debug|Any CPU.ActiveCfg = Debug|Any CPU
		{FE467A07-4A59-4C71-BAA2-DE283725F2A0}.Debug|Any CPU.Build.0 = Debug|Any CPU
		{FE467A07-4A59-4C71-BAA2-DE283725F2A0}.Debug|x64.ActiveCfg = Debug|Any CPU
		{FE467A07-4A59-4C71-BAA2-DE283725F2A0}.Debug|x64.Build.0 = Debug|Any CPU
		{FE467A07-4A59-4C71-BAA2-DE283725F2A0}.Debug|x86.ActiveCfg = Debug|Any CPU
		{FE467A07-4A59-4C71-BAA2-DE283725F2A0}.Debug|x86.Build.0 = Debug|Any CPU
		{FE467A07-4A59-4C71-BAA2-DE283725F2A0}.Release|Any CPU.ActiveCfg = Release|Any CPU
		{FE467A07-4A59-4C71-BAA2-DE283725F2A0}.Release|Any CPU.Build.0 = Release|Any CPU
		{FE467A07-4A59-4C71-BAA2-DE283725F2A0}.Release|x64.ActiveCfg = Release|Any CPU
		{FE467A07-4A59-4C71-BAA2-DE283725F2A0}.Release|x64.Build.0 = Release|Any CPU
		{FE467A07-4A59-4C71-BAA2-DE283725F2A0}.Release|x86.ActiveCfg = Release|Any CPU
		{FE467A07-4A59-4C71-BAA2-DE283725F2A0}.Release|x86.Build.0 = Release|Any CPU
		{E10A3570-C850-42A4-8317-593ACBD61E52}.Debug|Any CPU.ActiveCfg = Debug|Any CPU
		{E10A3570-C850-42A4-8317-593ACBD61E52}.Debug|Any CPU.Build.0 = Debug|Any CPU
		{E10A3570-C850-42A4-8317-593ACBD61E52}.Debug|x64.ActiveCfg = Debug|Any CPU
		{E10A3570-C850-42A4-8317-593ACBD61E52}.Debug|x64.Build.0 = Debug|Any CPU
		{E10A3570-C850-42A4-8317-593ACBD61E52}.Debug|x86.ActiveCfg = Debug|Any CPU
		{E10A3570-C850-42A4-8317-593ACBD61E52}.Debug|x86.Build.0 = Debug|Any CPU
		{E10A3570-C850-42A4-8317-593ACBD61E52}.Release|Any CPU.ActiveCfg = Release|Any CPU
		{E10A3570-C850-42A4-8317-593ACBD61E52}.Release|Any CPU.Build.0 = Release|Any CPU
		{E10A3570-C850-42A4-8317-593ACBD61E52}.Release|x64.ActiveCfg = Release|Any CPU
		{E10A3570-C850-42A4-8317-593ACBD61E52}.Release|x64.Build.0 = Release|Any CPU
		{E10A3570-C850-42A4-8317-593ACBD61E52}.Release|x86.ActiveCfg = Release|Any CPU
		{E10A3570-C850-42A4-8317-593ACBD61E52}.Release|x86.Build.0 = Release|Any CPU
		{D10AAEC2-D9D4-43E8-88C0-8632E2AD2E84}.Debug|Any CPU.ActiveCfg = Debug|Any CPU
		{D10AAEC2-D9D4-43E8-88C0-8632E2AD2E84}.Debug|Any CPU.Build.0 = Debug|Any CPU
		{D10AAEC2-D9D4-43E8-88C0-8632E2AD2E84}.Debug|x64.ActiveCfg = Debug|Any CPU
		{D10AAEC2-D9D4-43E8-88C0-8632E2AD2E84}.Debug|x64.Build.0 = Debug|Any CPU
		{D10AAEC2-D9D4-43E8-88C0-8632E2AD2E84}.Debug|x86.ActiveCfg = Debug|Any CPU
		{D10AAEC2-D9D4-43E8-88C0-8632E2AD2E84}.Debug|x86.Build.0 = Debug|Any CPU
		{D10AAEC2-D9D4-43E8-88C0-8632E2AD2E84}.Release|Any CPU.ActiveCfg = Release|Any CPU
		{D10AAEC2-D9D4-43E8-88C0-8632E2AD2E84}.Release|Any CPU.Build.0 = Release|Any CPU
		{D10AAEC2-D9D4-43E8-88C0-8632E2AD2E84}.Release|x64.ActiveCfg = Release|Any CPU
		{D10AAEC2-D9D4-43E8-88C0-8632E2AD2E84}.Release|x64.Build.0 = Release|Any CPU
		{D10AAEC2-D9D4-43E8-88C0-8632E2AD2E84}.Release|x86.ActiveCfg = Release|Any CPU
		{D10AAEC2-D9D4-43E8-88C0-8632E2AD2E84}.Release|x86.Build.0 = Release|Any CPU
		{D2EB7C5C-DA50-41B8-8A01-7B9F737B0B2D}.Debug|Any CPU.ActiveCfg = Debug|Any CPU
		{D2EB7C5C-DA50-41B8-8A01-7B9F737B0B2D}.Debug|Any CPU.Build.0 = Debug|Any CPU
		{D2EB7C5C-DA50-41B8-8A01-7B9F737B0B2D}.Debug|x64.ActiveCfg = Debug|Any CPU
		{D2EB7C5C-DA50-41B8-8A01-7B9F737B0B2D}.Debug|x64.Build.0 = Debug|Any CPU
		{D2EB7C5C-DA50-41B8-8A01-7B9F737B0B2D}.Debug|x86.ActiveCfg = Debug|Any CPU
		{D2EB7C5C-DA50-41B8-8A01-7B9F737B0B2D}.Debug|x86.Build.0 = Debug|Any CPU
		{D2EB7C5C-DA50-41B8-8A01-7B9F737B0B2D}.Release|Any CPU.ActiveCfg = Release|Any CPU
		{D2EB7C5C-DA50-41B8-8A01-7B9F737B0B2D}.Release|Any CPU.Build.0 = Release|Any CPU
		{D2EB7C5C-DA50-41B8-8A01-7B9F737B0B2D}.Release|x64.ActiveCfg = Release|Any CPU
		{D2EB7C5C-DA50-41B8-8A01-7B9F737B0B2D}.Release|x64.Build.0 = Release|Any CPU
		{D2EB7C5C-DA50-41B8-8A01-7B9F737B0B2D}.Release|x86.ActiveCfg = Release|Any CPU
		{D2EB7C5C-DA50-41B8-8A01-7B9F737B0B2D}.Release|x86.Build.0 = Release|Any CPU
		{3FDE4C57-806E-4947-8BD4-D10838337958}.Debug|Any CPU.ActiveCfg = Debug|Any CPU
		{3FDE4C57-806E-4947-8BD4-D10838337958}.Debug|Any CPU.Build.0 = Debug|Any CPU
		{3FDE4C57-806E-4947-8BD4-D10838337958}.Debug|x64.ActiveCfg = Debug|Any CPU
		{3FDE4C57-806E-4947-8BD4-D10838337958}.Debug|x64.Build.0 = Debug|Any CPU
		{3FDE4C57-806E-4947-8BD4-D10838337958}.Debug|x86.ActiveCfg = Debug|Any CPU
		{3FDE4C57-806E-4947-8BD4-D10838337958}.Debug|x86.Build.0 = Debug|Any CPU
		{3FDE4C57-806E-4947-8BD4-D10838337958}.Release|Any CPU.ActiveCfg = Release|Any CPU
		{3FDE4C57-806E-4947-8BD4-D10838337958}.Release|Any CPU.Build.0 = Release|Any CPU
		{3FDE4C57-806E-4947-8BD4-D10838337958}.Release|x64.ActiveCfg = Release|Any CPU
		{3FDE4C57-806E-4947-8BD4-D10838337958}.Release|x64.Build.0 = Release|Any CPU
		{3FDE4C57-806E-4947-8BD4-D10838337958}.Release|x86.ActiveCfg = Release|Any CPU
		{3FDE4C57-806E-4947-8BD4-D10838337958}.Release|x86.Build.0 = Release|Any CPU
		{D259AFB7-D53C-4C56-8576-23C4CD5EAB10}.Debug|Any CPU.ActiveCfg = Debug|Any CPU
		{D259AFB7-D53C-4C56-8576-23C4CD5EAB10}.Debug|Any CPU.Build.0 = Debug|Any CPU
		{D259AFB7-D53C-4C56-8576-23C4CD5EAB10}.Debug|x64.ActiveCfg = Debug|Any CPU
		{D259AFB7-D53C-4C56-8576-23C4CD5EAB10}.Debug|x64.Build.0 = Debug|Any CPU
		{D259AFB7-D53C-4C56-8576-23C4CD5EAB10}.Debug|x86.ActiveCfg = Debug|Any CPU
		{D259AFB7-D53C-4C56-8576-23C4CD5EAB10}.Debug|x86.Build.0 = Debug|Any CPU
		{D259AFB7-D53C-4C56-8576-23C4CD5EAB10}.Release|Any CPU.ActiveCfg = Release|Any CPU
		{D259AFB7-D53C-4C56-8576-23C4CD5EAB10}.Release|Any CPU.Build.0 = Release|Any CPU
		{D259AFB7-D53C-4C56-8576-23C4CD5EAB10}.Release|x64.ActiveCfg = Release|Any CPU
		{D259AFB7-D53C-4C56-8576-23C4CD5EAB10}.Release|x64.Build.0 = Release|Any CPU
		{D259AFB7-D53C-4C56-8576-23C4CD5EAB10}.Release|x86.ActiveCfg = Release|Any CPU
		{D259AFB7-D53C-4C56-8576-23C4CD5EAB10}.Release|x86.Build.0 = Release|Any CPU
	EndGlobalSection
	GlobalSection(SolutionProperties) = preSolution
		HideSolutionNode = FALSE
	EndGlobalSection
	GlobalSection(NestedProjects) = preSolution
		{FE467A07-4A59-4C71-BAA2-DE283725F2A0} = {827E0CD3-B72D-47B6-A68D-7590B98EB39B}
		{E10A3570-C850-42A4-8317-593ACBD61E52} = {827E0CD3-B72D-47B6-A68D-7590B98EB39B}
		{D10AAEC2-D9D4-43E8-88C0-8632E2AD2E84} = {827E0CD3-B72D-47B6-A68D-7590B98EB39B}
		{D2EB7C5C-DA50-41B8-8A01-7B9F737B0B2D} = {827E0CD3-B72D-47B6-A68D-7590B98EB39B}
		{3FDE4C57-806E-4947-8BD4-D10838337958} = {0AB3BF05-4346-4AA6-1389-037BE0695223}
		{D259AFB7-D53C-4C56-8576-23C4CD5EAB10} = {0AB3BF05-4346-4AA6-1389-037BE0695223}
	EndGlobalSection
EndGlobal
